// !$*UTF8*$!
{
	archiveVersion = 1;
	classes = {
	};
	objectVersion = 55;
	objects = {

/* Begin PBXBuildFile section */
		A5B8BE4A2890AAE60040145D /* AppDelegate.swift in Sources */ = {isa = PBXBuildFile; fileRef = A5B8BE492890AAE60040145D /* AppDelegate.swift */; };
		A5B8BE4C2890AAE60040145D /* SceneDelegate.swift in Sources */ = {isa = PBXBuildFile; fileRef = A5B8BE4B2890AAE60040145D /* SceneDelegate.swift */; };
		A5B8BE512890AAE60040145D /* Main.storyboard in Resources */ = {isa = PBXBuildFile; fileRef = A5B8BE4F2890AAE60040145D /* Main.storyboard */; };
		A5B8BE562890AAE70040145D /* Assets.xcassets in Resources */ = {isa = PBXBuildFile; fileRef = A5B8BE552890AAE70040145D /* Assets.xcassets */; };
		A5B8BE592890AAE70040145D /* LaunchScreen.storyboard in Resources */ = {isa = PBXBuildFile; fileRef = A5B8BE572890AAE70040145D /* LaunchScreen.storyboard */; };
		A5B8BE6E289A99C20040145D /* ProblemListingTableViewController.swift in Sources */ = {isa = PBXBuildFile; fileRef = A5B8BE6D289A99C20040145D /* ProblemListingTableViewController.swift */; };
		A5B8BE70289AB26F0040145D /* ProblemVisualizationViewController.swift in Sources */ = {isa = PBXBuildFile; fileRef = A5B8BE6F289AB26F0040145D /* ProblemVisualizationViewController.swift */; };
		A5B8BE72289ABE2A0040145D /* ProblemTableViewCell.swift in Sources */ = {isa = PBXBuildFile; fileRef = A5B8BE71289ABE2A0040145D /* ProblemTableViewCell.swift */; };
		A5B8BE76289AC63A0040145D /* ProblemFormViewController.swift in Sources */ = {isa = PBXBuildFile; fileRef = A5B8BE75289AC63A0040145D /* ProblemFormViewController.swift */; };
		A5B8BE79289ADDBF0040145D /* ProblemsLib.xcdatamodeld in Sources */ = {isa = PBXBuildFile; fileRef = A5B8BE77289ADDBF0040145D /* ProblemsLib.xcdatamodeld */; };
		A5B8BE7C289AECFA0040145D /* UIViewController+Context.swift in Sources */ = {isa = PBXBuildFile; fileRef = A5B8BE7B289AECFA0040145D /* UIViewController+Context.swift */; };
/* End PBXBuildFile section */

/* Begin PBXFileReference section */
		A5B8BE462890AAE60040145D /* AgostinhoDanielaLuizViniciusWesley.app */ = {isa = PBXFileReference; explicitFileType = wrapper.application; includeInIndex = 0; path = AgostinhoDanielaLuizViniciusWesley.app; sourceTree = BUILT_PRODUCTS_DIR; };
		A5B8BE492890AAE60040145D /* AppDelegate.swift */ = {isa = PBXFileReference; lastKnownFileType = sourcecode.swift; path = AppDelegate.swift; sourceTree = "<group>"; };
		A5B8BE4B2890AAE60040145D /* SceneDelegate.swift */ = {isa = PBXFileReference; lastKnownFileType = sourcecode.swift; path = SceneDelegate.swift; sourceTree = "<group>"; };
		A5B8BE502890AAE60040145D /* Base */ = {isa = PBXFileReference; lastKnownFileType = file.storyboard; name = Base; path = Base.lproj/Main.storyboard; sourceTree = "<group>"; };
		A5B8BE552890AAE70040145D /* Assets.xcassets */ = {isa = PBXFileReference; lastKnownFileType = folder.assetcatalog; path = Assets.xcassets; sourceTree = "<group>"; };
		A5B8BE582890AAE70040145D /* Base */ = {isa = PBXFileReference; lastKnownFileType = file.storyboard; name = Base; path = Base.lproj/LaunchScreen.storyboard; sourceTree = "<group>"; };
		A5B8BE5A2890AAE70040145D /* Info.plist */ = {isa = PBXFileReference; lastKnownFileType = text.plist.xml; path = Info.plist; sourceTree = "<group>"; };
		A5B8BE6D289A99C20040145D /* ProblemListingTableViewController.swift */ = {isa = PBXFileReference; lastKnownFileType = sourcecode.swift; path = ProblemListingTableViewController.swift; sourceTree = "<group>"; };
		A5B8BE6F289AB26F0040145D /* ProblemVisualizationViewController.swift */ = {isa = PBXFileReference; lastKnownFileType = sourcecode.swift; path = ProblemVisualizationViewController.swift; sourceTree = "<group>"; };
		A5B8BE71289ABE2A0040145D /* ProblemTableViewCell.swift */ = {isa = PBXFileReference; lastKnownFileType = sourcecode.swift; path = ProblemTableViewCell.swift; sourceTree = "<group>"; };
		A5B8BE75289AC63A0040145D /* ProblemFormViewController.swift */ = {isa = PBXFileReference; lastKnownFileType = sourcecode.swift; path = ProblemFormViewController.swift; sourceTree = "<group>"; };
		A5B8BE78289ADDBF0040145D /* ProblemsLib.xcdatamodel */ = {isa = PBXFileReference; lastKnownFileType = wrapper.xcdatamodel; path = ProblemsLib.xcdatamodel; sourceTree = "<group>"; };
		A5B8BE7B289AECFA0040145D /* UIViewController+Context.swift */ = {isa = PBXFileReference; lastKnownFileType = sourcecode.swift; path = "UIViewController+Context.swift"; sourceTree = "<group>"; };
/* End PBXFileReference section */

/* Begin PBXFrameworksBuildPhase section */
		A5B8BE432890AAE60040145D /* Frameworks */ = {
			isa = PBXFrameworksBuildPhase;
			buildActionMask = 2147483647;
			files = (
			);
			runOnlyForDeploymentPostprocessing = 0;
		};
/* End PBXFrameworksBuildPhase section */

/* Begin PBXGroup section */
		A5B8BE3D2890AAE60040145D = {
			isa = PBXGroup;
			children = (
				A5B8BE75289AC63A0040145D /* ProblemFormViewController.swift */,
				A5B8BE482890AAE60040145D /* AgostinhoDanielaLuizViniciusWesley */,
				A5B8BE472890AAE60040145D /* Products */,
			);
			sourceTree = "<group>";
		};
		A5B8BE472890AAE60040145D /* Products */ = {
			isa = PBXGroup;
			children = (
				A5B8BE462890AAE60040145D /* AgostinhoDanielaLuizViniciusWesley.app */,
			);
			name = Products;
			sourceTree = "<group>";
		};
		A5B8BE482890AAE60040145D /* AgostinhoDanielaLuizViniciusWesley */ = {
			isa = PBXGroup;
			children = (
				A5B8BE60289A97DE0040145D /* Main */,
				A5B8BE492890AAE60040145D /* AppDelegate.swift */,
				A5B8BE4B2890AAE60040145D /* SceneDelegate.swift */,
				A5B8BE61289A97E90040145D /* Features */,
				A5B8BE63289A983D0040145D /* Shared */,
				A5B8BE64289A98470040145D /* Files */,
				A5B8BE7A289AECC40040145D /* Extensions */,
				A5B8BE552890AAE70040145D /* Assets.xcassets */,
				A5B8BE5A2890AAE70040145D /* Info.plist */,
			);
			path = AgostinhoDanielaLuizViniciusWesley;
			sourceTree = "<group>";
		};
		A5B8BE60289A97DE0040145D /* Main */ = {
			isa = PBXGroup;
			children = (
				A5B8BE62289A97F90040145D /* View */,
			);
			path = Main;
			sourceTree = "<group>";
		};
		A5B8BE61289A97E90040145D /* Features */ = {
			isa = PBXGroup;
			children = (
				A5B8BE73289AC6000040145D /* ProblemForm */,
				A5B8BE69289A990D0040145D /* ProblemVisualization */,
				A5B8BE65289A98D30040145D /* ProblemListing */,
			);
			path = Features;
			sourceTree = "<group>";
		};
		A5B8BE62289A97F90040145D /* View */ = {
			isa = PBXGroup;
			children = (
				A5B8BE4F2890AAE60040145D /* Main.storyboard */,
				A5B8BE572890AAE70040145D /* LaunchScreen.storyboard */,
			);
			path = View;
			sourceTree = "<group>";
		};
		A5B8BE63289A983D0040145D /* Shared */ = {
			isa = PBXGroup;
			children = (
			);
			path = Shared;
			sourceTree = "<group>";
		};
		A5B8BE64289A98470040145D /* Files */ = {
			isa = PBXGroup;
			children = (
				A5B8BE77289ADDBF0040145D /* ProblemsLib.xcdatamodeld */,
			);
			path = Files;
			sourceTree = "<group>";
		};
		A5B8BE65289A98D30040145D /* ProblemListing */ = {
			isa = PBXGroup;
			children = (
				A5B8BE66289A98E30040145D /* Controller */,
				A5B8BE67289A98EC0040145D /* View */,
				A5B8BE68289A98F50040145D /* Model */,
			);
			path = ProblemListing;
			sourceTree = "<group>";
		};
		A5B8BE66289A98E30040145D /* Controller */ = {
			isa = PBXGroup;
			children = (
				A5B8BE6D289A99C20040145D /* ProblemListingTableViewController.swift */,
			);
			path = Controller;
			sourceTree = "<group>";
		};
		A5B8BE67289A98EC0040145D /* View */ = {
			isa = PBXGroup;
			children = (
			);
			path = View;
			sourceTree = "<group>";
		};
		A5B8BE68289A98F50040145D /* Model */ = {
			isa = PBXGroup;
			children = (
			);
			path = Model;
			sourceTree = "<group>";
		};
		A5B8BE69289A990D0040145D /* ProblemVisualization */ = {
			isa = PBXGroup;
			children = (
				A5B8BE6A289A99280040145D /* Controller */,
				A5B8BE6B289A99300040145D /* View */,
				A5B8BE6C289A993E0040145D /* Model */,
			);
			path = ProblemVisualization;
			sourceTree = "<group>";
		};
		A5B8BE6A289A99280040145D /* Controller */ = {
			isa = PBXGroup;
			children = (
				A5B8BE6F289AB26F0040145D /* ProblemVisualizationViewController.swift */,
			);
			path = Controller;
			sourceTree = "<group>";
		};
		A5B8BE6B289A99300040145D /* View */ = {
			isa = PBXGroup;
			children = (
			);
			path = View;
			sourceTree = "<group>";
		};
		A5B8BE6C289A993E0040145D /* Model */ = {
			isa = PBXGroup;
			children = (
				A5B8BE71289ABE2A0040145D /* ProblemTableViewCell.swift */,
			);
			path = Model;
			sourceTree = "<group>";
		};
		A5B8BE73289AC6000040145D /* ProblemForm */ = {
			isa = PBXGroup;
			children = (
				A5B8BE74289AC6120040145D /* Controller */,
			);
			path = ProblemForm;
			sourceTree = "<group>";
		};
		A5B8BE74289AC6120040145D /* Controller */ = {
			isa = PBXGroup;
			children = (
			);
			path = Controller;
			sourceTree = "<group>";
		};
		A5B8BE7A289AECC40040145D /* Extensions */ = {
			isa = PBXGroup;
			children = (
				A5B8BE7B289AECFA0040145D /* UIViewController+Context.swift */,
			);
			path = Extensions;
			sourceTree = "<group>";
		};
/* End PBXGroup section */

/* Begin PBXNativeTarget section */
		A5B8BE452890AAE60040145D /* AgostinhoDanielaLuizViniciusWesley */ = {
			isa = PBXNativeTarget;
			buildConfigurationList = A5B8BE5D2890AAE70040145D /* Build configuration list for PBXNativeTarget "AgostinhoDanielaLuizViniciusWesley" */;
			buildPhases = (
				A5B8BE422890AAE60040145D /* Sources */,
				A5B8BE432890AAE60040145D /* Frameworks */,
				A5B8BE442890AAE60040145D /* Resources */,
			);
			buildRules = (
			);
			dependencies = (
			);
			name = AgostinhoDanielaLuizViniciusWesley;
			productName = AgostinhoDanielaLuizViniciusWesley;
			productReference = A5B8BE462890AAE60040145D /* AgostinhoDanielaLuizViniciusWesley.app */;
			productType = "com.apple.product-type.application";
		};
/* End PBXNativeTarget section */

/* Begin PBXProject section */
		A5B8BE3E2890AAE60040145D /* Project object */ = {
			isa = PBXProject;
			attributes = {
				BuildIndependentTargetsInParallel = 1;
				LastSwiftUpdateCheck = 1340;
				LastUpgradeCheck = 1340;
				TargetAttributes = {
					A5B8BE452890AAE60040145D = {
						CreatedOnToolsVersion = 13.4.1;
					};
				};
			};
			buildConfigurationList = A5B8BE412890AAE60040145D /* Build configuration list for PBXProject "AgostinhoDanielaLuizViniciusWesley" */;
			compatibilityVersion = "Xcode 13.0";
			developmentRegion = en;
			hasScannedForEncodings = 0;
			knownRegions = (
				en,
				Base,
			);
			mainGroup = A5B8BE3D2890AAE60040145D;
			productRefGroup = A5B8BE472890AAE60040145D /* Products */;
			projectDirPath = "";
			projectRoot = "";
			targets = (
				A5B8BE452890AAE60040145D /* AgostinhoDanielaLuizViniciusWesley */,
			);
		};
/* End PBXProject section */

/* Begin PBXResourcesBuildPhase section */
		A5B8BE442890AAE60040145D /* Resources */ = {
			isa = PBXResourcesBuildPhase;
			buildActionMask = 2147483647;
			files = (
				A5B8BE592890AAE70040145D /* LaunchScreen.storyboard in Resources */,
				A5B8BE562890AAE70040145D /* Assets.xcassets in Resources */,
				A5B8BE512890AAE60040145D /* Main.storyboard in Resources */,
			);
			runOnlyForDeploymentPostprocessing = 0;
		};
/* End PBXResourcesBuildPhase section */

/* Begin PBXSourcesBuildPhase section */
		A5B8BE422890AAE60040145D /* Sources */ = {
			isa = PBXSourcesBuildPhase;
			buildActionMask = 2147483647;
			files = (
				A5B8BE72289ABE2A0040145D /* ProblemTableViewCell.swift in Sources */,
				A5B8BE6E289A99C20040145D /* ProblemListingTableViewController.swift in Sources */,
				A5B8BE79289ADDBF0040145D /* ProblemsLib.xcdatamodeld in Sources */,
				A5B8BE70289AB26F0040145D /* ProblemVisualizationViewController.swift in Sources */,
				A5B8BE4A2890AAE60040145D /* AppDelegate.swift in Sources */,
				A5B8BE76289AC63A0040145D /* ProblemFormViewController.swift in Sources */,
				A5B8BE7C289AECFA0040145D /* UIViewController+Context.swift in Sources */,
				A5B8BE4C2890AAE60040145D /* SceneDelegate.swift in Sources */,
			);
			runOnlyForDeploymentPostprocessing = 0;
		};
/* End PBXSourcesBuildPhase section */

/* Begin PBXVariantGroup section */
		A5B8BE4F2890AAE60040145D /* Main.storyboard */ = {
			isa = PBXVariantGroup;
			children = (
				A5B8BE502890AAE60040145D /* Base */,
			);
			name = Main.storyboard;
			sourceTree = "<group>";
		};
		A5B8BE572890AAE70040145D /* LaunchScreen.storyboard */ = {
			isa = PBXVariantGroup;
			children = (
				A5B8BE582890AAE70040145D /* Base */,
			);
			name = LaunchScreen.storyboard;
			sourceTree = "<group>";
		};
/* End PBXVariantGroup section */

/* Begin XCBuildConfiguration section */
		A5B8BE5B2890AAE70040145D /* Debug */ = {
			isa = XCBuildConfiguration;
			buildSettings = {
				ALWAYS_SEARCH_USER_PATHS = NO;
				CLANG_ANALYZER_NONNULL = YES;
				CLANG_ANALYZER_NUMBER_OBJECT_CONVERSION = YES_AGGRESSIVE;
				CLANG_CXX_LANGUAGE_STANDARD = "gnu++17";
				CLANG_ENABLE_MODULES = YES;
				CLANG_ENABLE_OBJC_ARC = YES;
				CLANG_ENABLE_OBJC_WEAK = YES;
				CLANG_WARN_BLOCK_CAPTURE_AUTORELEASING = YES;
				CLANG_WARN_BOOL_CONVERSION = YES;
				CLANG_WARN_COMMA = YES;
				CLANG_WARN_CONSTANT_CONVERSION = YES;
				CLANG_WARN_DEPRECATED_OBJC_IMPLEMENTATIONS = YES;
				CLANG_WARN_DIRECT_OBJC_ISA_USAGE = YES_ERROR;
				CLANG_WARN_DOCUMENTATION_COMMENTS = YES;
				CLANG_WARN_EMPTY_BODY = YES;
				CLANG_WARN_ENUM_CONVERSION = YES;
				CLANG_WARN_INFINITE_RECURSION = YES;
				CLANG_WARN_INT_CONVERSION = YES;
				CLANG_WARN_NON_LITERAL_NULL_CONVERSION = YES;
				CLANG_WARN_OBJC_IMPLICIT_RETAIN_SELF = YES;
				CLANG_WARN_OBJC_LITERAL_CONVERSION = YES;
				CLANG_WARN_OBJC_ROOT_CLASS = YES_ERROR;
				CLANG_WARN_QUOTED_INCLUDE_IN_FRAMEWORK_HEADER = YES;
				CLANG_WARN_RANGE_LOOP_ANALYSIS = YES;
				CLANG_WARN_STRICT_PROTOTYPES = YES;
				CLANG_WARN_SUSPICIOUS_MOVE = YES;
				CLANG_WARN_UNGUARDED_AVAILABILITY = YES_AGGRESSIVE;
				CLANG_WARN_UNREACHABLE_CODE = YES;
				CLANG_WARN__DUPLICATE_METHOD_MATCH = YES;
				COPY_PHASE_STRIP = NO;
				DEBUG_INFORMATION_FORMAT = dwarf;
				ENABLE_STRICT_OBJC_MSGSEND = YES;
				ENABLE_TESTABILITY = YES;
				GCC_C_LANGUAGE_STANDARD = gnu11;
				GCC_DYNAMIC_NO_PIC = NO;
				GCC_NO_COMMON_BLOCKS = YES;
				GCC_OPTIMIZATION_LEVEL = 0;
				GCC_PREPROCESSOR_DEFINITIONS = (
					"DEBUG=1",
					"$(inherited)",
				);
				GCC_WARN_64_TO_32_BIT_CONVERSION = YES;
				GCC_WARN_ABOUT_RETURN_TYPE = YES_ERROR;
				GCC_WARN_UNDECLARED_SELECTOR = YES;
				GCC_WARN_UNINITIALIZED_AUTOS = YES_AGGRESSIVE;
				GCC_WARN_UNUSED_FUNCTION = YES;
				GCC_WARN_UNUSED_VARIABLE = YES;
				IPHONEOS_DEPLOYMENT_TARGET = 15.5;
				MTL_ENABLE_DEBUG_INFO = INCLUDE_SOURCE;
				MTL_FAST_MATH = YES;
				ONLY_ACTIVE_ARCH = YES;
				SDKROOT = iphoneos;
				SWIFT_ACTIVE_COMPILATION_CONDITIONS = DEBUG;
				SWIFT_OPTIMIZATION_LEVEL = "-Onone";
			};
			name = Debug;
		};
		A5B8BE5C2890AAE70040145D /* Release */ = {
			isa = XCBuildConfiguration;
			buildSettings = {
				ALWAYS_SEARCH_USER_PATHS = NO;
				CLANG_ANALYZER_NONNULL = YES;
				CLANG_ANALYZER_NUMBER_OBJECT_CONVERSION = YES_AGGRESSIVE;
				CLANG_CXX_LANGUAGE_STANDARD = "gnu++17";
				CLANG_ENABLE_MODULES = YES;
				CLANG_ENABLE_OBJC_ARC = YES;
				CLANG_ENABLE_OBJC_WEAK = YES;
				CLANG_WARN_BLOCK_CAPTURE_AUTORELEASING = YES;
				CLANG_WARN_BOOL_CONVERSION = YES;
				CLANG_WARN_COMMA = YES;
				CLANG_WARN_CONSTANT_CONVERSION = YES;
				CLANG_WARN_DEPRECATED_OBJC_IMPLEMENTATIONS = YES;
				CLANG_WARN_DIRECT_OBJC_ISA_USAGE = YES_ERROR;
				CLANG_WARN_DOCUMENTATION_COMMENTS = YES;
				CLANG_WARN_EMPTY_BODY = YES;
				CLANG_WARN_ENUM_CONVERSION = YES;
				CLANG_WARN_INFINITE_RECURSION = YES;
				CLANG_WARN_INT_CONVERSION = YES;
				CLANG_WARN_NON_LITERAL_NULL_CONVERSION = YES;
				CLANG_WARN_OBJC_IMPLICIT_RETAIN_SELF = YES;
				CLANG_WARN_OBJC_LITERAL_CONVERSION = YES;
				CLANG_WARN_OBJC_ROOT_CLASS = YES_ERROR;
				CLANG_WARN_QUOTED_INCLUDE_IN_FRAMEWORK_HEADER = YES;
				CLANG_WARN_RANGE_LOOP_ANALYSIS = YES;
				CLANG_WARN_STRICT_PROTOTYPES = YES;
				CLANG_WARN_SUSPICIOUS_MOVE = YES;
				CLANG_WARN_UNGUARDED_AVAILABILITY = YES_AGGRESSIVE;
				CLANG_WARN_UNREACHABLE_CODE = YES;
				CLANG_WARN__DUPLICATE_METHOD_MATCH = YES;
				COPY_PHASE_STRIP = NO;
				DEBUG_INFORMATION_FORMAT = "dwarf-with-dsym";
				ENABLE_NS_ASSERTIONS = NO;
				ENABLE_STRICT_OBJC_MSGSEND = YES;
				GCC_C_LANGUAGE_STANDARD = gnu11;
				GCC_NO_COMMON_BLOCKS = YES;
				GCC_WARN_64_TO_32_BIT_CONVERSION = YES;
				GCC_WARN_ABOUT_RETURN_TYPE = YES_ERROR;
				GCC_WARN_UNDECLARED_SELECTOR = YES;
				GCC_WARN_UNINITIALIZED_AUTOS = YES_AGGRESSIVE;
				GCC_WARN_UNUSED_FUNCTION = YES;
				GCC_WARN_UNUSED_VARIABLE = YES;
				IPHONEOS_DEPLOYMENT_TARGET = 15.5;
				MTL_ENABLE_DEBUG_INFO = NO;
				MTL_FAST_MATH = YES;
				SDKROOT = iphoneos;
				SWIFT_COMPILATION_MODE = wholemodule;
				SWIFT_OPTIMIZATION_LEVEL = "-O";
				VALIDATE_PRODUCT = YES;
			};
			name = Release;
		};
		A5B8BE5E2890AAE70040145D /* Debug */ = {
			isa = XCBuildConfiguration;
			buildSettings = {
				ASSETCATALOG_COMPILER_APPICON_NAME = AppIcon;
				ASSETCATALOG_COMPILER_GLOBAL_ACCENT_COLOR_NAME = AccentColor;
				CODE_SIGN_STYLE = Automatic;
				CURRENT_PROJECT_VERSION = 1;
				DEVELOPMENT_TEAM = TTQDL2U62A;
				GENERATE_INFOPLIST_FILE = YES;
				INFOPLIST_FILE = AgostinhoDanielaLuizViniciusWesley/Info.plist;
				INFOPLIST_KEY_UIApplicationSupportsIndirectInputEvents = YES;
				INFOPLIST_KEY_UILaunchStoryboardName = LaunchScreen;
				INFOPLIST_KEY_UIMainStoryboardFile = Main;
				INFOPLIST_KEY_UISupportedInterfaceOrientations_iPad = "UIInterfaceOrientationPortrait UIInterfaceOrientationPortraitUpsideDown UIInterfaceOrientationLandscapeLeft UIInterfaceOrientationLandscapeRight";
				INFOPLIST_KEY_UISupportedInterfaceOrientations_iPhone = "UIInterfaceOrientationPortrait UIInterfaceOrientationLandscapeLeft UIInterfaceOrientationLandscapeRight";
				LD_RUNPATH_SEARCH_PATHS = (
					"$(inherited)",
					"@executable_path/Frameworks",
				);
				MARKETING_VERSION = 1.0;
				PRODUCT_BUNDLE_IDENTIFIER = br.com.fiap.AgostinhoDanielaLuizViniciusWesley;
				PRODUCT_NAME = "$(TARGET_NAME)";
				SWIFT_EMIT_LOC_STRINGS = YES;
				SWIFT_VERSION = 5.0;
				TARGETED_DEVICE_FAMILY = "1,2";
			};
			name = Debug;
		};
		A5B8BE5F2890AAE70040145D /* Release */ = {
			isa = XCBuildConfiguration;
			buildSettings = {
				ASSETCATALOG_COMPILER_APPICON_NAME = AppIcon;
				ASSETCATALOG_COMPILER_GLOBAL_ACCENT_COLOR_NAME = AccentColor;
				CODE_SIGN_STYLE = Automatic;
				CURRENT_PROJECT_VERSION = 1;
				DEVELOPMENT_TEAM = TTQDL2U62A;
				GENERATE_INFOPLIST_FILE = YES;
				INFOPLIST_FILE = AgostinhoDanielaLuizViniciusWesley/Info.plist;
				INFOPLIST_KEY_UIApplicationSupportsIndirectInputEvents = YES;
				INFOPLIST_KEY_UILaunchStoryboardName = LaunchScreen;
				INFOPLIST_KEY_UIMainStoryboardFile = Main;
				INFOPLIST_KEY_UISupportedInterfaceOrientations_iPad = "UIInterfaceOrientationPortrait UIInterfaceOrientationPortraitUpsideDown UIInterfaceOrientationLandscapeLeft UIInterfaceOrientationLandscapeRight";
				INFOPLIST_KEY_UISupportedInterfaceOrientations_iPhone = "UIInterfaceOrientationPortrait UIInterfaceOrientationLandscapeLeft UIInterfaceOrientationLandscapeRight";
				LD_RUNPATH_SEARCH_PATHS = (
					"$(inherited)",
					"@executable_path/Frameworks",
				);
				MARKETING_VERSION = 1.0;
				PRODUCT_BUNDLE_IDENTIFIER = br.com.fiap.AgostinhoDanielaLuizViniciusWesley;
				PRODUCT_NAME = "$(TARGET_NAME)";
				SWIFT_EMIT_LOC_STRINGS = YES;
				SWIFT_VERSION = 5.0;
				TARGETED_DEVICE_FAMILY = "1,2";
			};
			name = Release;
		};
/* End XCBuildConfiguration section */

/* Begin XCConfigurationList section */
		A5B8BE412890AAE60040145D /* Build configuration list for PBXProject "AgostinhoDanielaLuizViniciusWesley" */ = {
			isa = XCConfigurationList;
			buildConfigurations = (
				A5B8BE5B2890AAE70040145D /* Debug */,
				A5B8BE5C2890AAE70040145D /* Release */,
			);
			defaultConfigurationIsVisible = 0;
			defaultConfigurationName = Release;
		};
		A5B8BE5D2890AAE70040145D /* Build configuration list for PBXNativeTarget "AgostinhoDanielaLuizViniciusWesley" */ = {
			isa = XCConfigurationList;
			buildConfigurations = (
				A5B8BE5E2890AAE70040145D /* Debug */,
				A5B8BE5F2890AAE70040145D /* Release */,
			);
			defaultConfigurationIsVisible = 0;
			defaultConfigurationName = Release;
		};
/* End XCConfigurationList section */

/* Begin XCVersionGroup section */
		A5B8BE77289ADDBF0040145D /* ProblemsLib.xcdatamodeld */ = {
			isa = XCVersionGroup;
			children = (
				A5B8BE78289ADDBF0040145D /* ProblemsLib.xcdatamodel */,
			);
			currentVersion = A5B8BE78289ADDBF0040145D /* ProblemsLib.xcdatamodel */;
			path = ProblemsLib.xcdatamodeld;
			sourceTree = "<group>";
			versionGroupType = wrapper.xcdatamodel;
		};
/* End XCVersionGroup section */
	};
	rootObject = A5B8BE3E2890AAE60040145D /* Project object */;
}
